
Microsoft Visual Studio Solution File, Format Version 12.00
# Visual Studio Version 17
VisualStudioVersion = 17.0.31919.166
MinimumVisualStudioVersion = 10.0.40219.1
Project("{FAE04EC0-301F-11D3-BF4B-00C04F79EFBC}") = "ReinforcementLearning.Web", "ReinforcementLearning.Web\ReinforcementLearning.Web.csproj", "{3C05FA1B-8D3E-4F69-9899-F43A1D7F9367}"
EndProject
Global
	GlobalSection(SolutionConfigurationPlatforms) = preSolution
		Debug|Any CPU = Debug|Any CPU
		Release|Any CPU = Release|Any CPU
	EndGlobalSection
	GlobalSection(ProjectConfigurationPlatforms) = postSolution
		{3C05FA1B-8D3E-4F69-9899-F43A1D7F9367}.Debug|Any CPU.ActiveCfg = Debug|Any CPU
		{3C05FA1B-8D3E-4F69-9899-F43A1D7F9367}.Debug|Any CPU.Build.0 = Debug|Any CPU
		{3C05FA1B-8D3E-4F69-9899-F43A1D7F9367}.Release|Any CPU.ActiveCfg = Release|Any CPU
		{3C05FA1B-8D3E-4F69-9899-F43A1D7F9367}.Release|Any CPU.Build.0 = Release|Any CPU
	EndGlobalSection
	GlobalSection(SolutionProperties) = preSolution
		HideSolutionNode = FALSE
	EndGlobalSection
	GlobalSection(ExtensibilityGlobals) = postSolution
		SolutionGuid = {72E0EB62-FD64-458E-B729-20C62DDD2C9C}
	EndGlobalSection
EndGlobal
